
Microsoft Visual Studio Solution File, Format Version 12.00
# Visual Studio 15
VisualStudioVersion = 15.0.27130.2027
MinimumVisualStudioVersion = 10.0.40219.1
Project("{FAE04EC0-301F-11D3-BF4B-00C04F79EFBC}") = "testdrop", "testdrop\testdrop.csproj", "{16979EFF-42A8-4B15-B3B7-CD10F1E06C3A}"
EndProject
Global
	GlobalSection(SolutionConfigurationPlatforms) = preSolution
		Debug|Any CPU = Debug|Any CPU
		Release|Any CPU = Release|Any CPU
	EndGlobalSection
	GlobalSection(ProjectConfigurationPlatforms) = postSolution
		{16979EFF-42A8-4B15-B3B7-CD10F1E06C3A}.Debug|Any CPU.ActiveCfg = Debug|Any CPU
		{16979EFF-42A8-4B15-B3B7-CD10F1E06C3A}.Debug|Any CPU.Build.0 = Debug|Any CPU
		{16979EFF-42A8-4B15-B3B7-CD10F1E06C3A}.Release|Any CPU.ActiveCfg = Release|Any CPU
		{16979EFF-42A8-4B15-B3B7-CD10F1E06C3A}.Release|Any CPU.Build.0 = Release|Any CPU
	EndGlobalSection
	GlobalSection(SolutionProperties) = preSolution
		HideSolutionNode = FALSE
	EndGlobalSection
	GlobalSection(ExtensibilityGlobals) = postSolution
		SolutionGuid = {5A50E7C7-8080-47B1-A5D7-0E310190A22F}
	EndGlobalSection
EndGlobal
